// !$*UTF8*$!
{
	archiveVersion = 1;
	classes = {
	};
	objectVersion = 77;
	objects = {

/* Begin PBXBuildFile section */
		870D40ED2DF8FFA80026AB8A /* Localizable.xcstrings in Resources */ = {isa = PBXBuildFile; fileRef = 870D40EC2DF8FFA80026AB8A /* Localizable.xcstrings */; };
		872205E32DB972D000B65CBA /* DefaultDeveloperSettings.xcconfig in Resources */ = {isa = PBXBuildFile; fileRef = 872205E22DB972D000B65CBA /* DefaultDeveloperSettings.xcconfig */; };
		872205E52DB9754200B65CBA /* README.md in Resources */ = {isa = PBXBuildFile; fileRef = 872205E42DB9753F00B65CBA /* README.md */; };
		874291B92DC29C7F00571022 /* SnapshotTesting in Frameworks */ = {isa = PBXBuildFile; productRef = 874291B82DC29C7F00571022 /* SnapshotTesting */; };
		876659422DC8E76E00D62CCA /* SwiftUIIntrospect in Frameworks */ = {isa = PBXBuildFile; productRef = 876659412DC8E76E00D62CCA /* SwiftUIIntrospect */; };
		876659742DC920E200D62CCA /* SwiftSoup in Frameworks */ = {isa = PBXBuildFile; productRef = 876659732DC920E200D62CCA /* SwiftSoup */; };
		8792C5C62DCA9F1200C58B79 /* Prefire in Frameworks */ = {isa = PBXBuildFile; productRef = 8792C5C52DCA9F1200C58B79 /* Prefire */; };
		87B0C99B2DC41A4200D5DB87 /* Prefire in Frameworks */ = {isa = PBXBuildFile; productRef = 87B0C99A2DC41A4200D5DB87 /* Prefire */; };
/* End PBXBuildFile section */

/* Begin PBXContainerItemProxy section */
		01E20ACB2DB7926F00CC0EBE /* PBXContainerItemProxy */ = {
			isa = PBXContainerItemProxy;
			containerPortal = 01E20AB22DB7926D00CC0EBE /* Project object */;
			proxyType = 1;
			remoteGlobalIDString = 01E20AB92DB7926D00CC0EBE;
			remoteInfo = Smithereen;
		};
/* End PBXContainerItemProxy section */

/* Begin PBXFileReference section */
		01E20ABA2DB7926D00CC0EBE /* Smithereen.app */ = {isa = PBXFileReference; explicitFileType = wrapper.application; includeInIndex = 0; path = Smithereen.app; sourceTree = BUILT_PRODUCTS_DIR; };
		01E20ACA2DB7926F00CC0EBE /* SmithereenTests.xctest */ = {isa = PBXFileReference; explicitFileType = wrapper.cfbundle; includeInIndex = 0; path = SmithereenTests.xctest; sourceTree = BUILT_PRODUCTS_DIR; };
		870D40EC2DF8FFA80026AB8A /* Localizable.xcstrings */ = {isa = PBXFileReference; lastKnownFileType = text.json.xcstrings; path = Localizable.xcstrings; sourceTree = "<group>"; };
		872205E22DB972D000B65CBA /* DefaultDeveloperSettings.xcconfig */ = {isa = PBXFileReference; lastKnownFileType = text.xcconfig; path = DefaultDeveloperSettings.xcconfig; sourceTree = "<group>"; };
		872205E42DB9753F00B65CBA /* README.md */ = {isa = PBXFileReference; lastKnownFileType = net.daringfireball.markdown; path = README.md; sourceTree = "<group>"; xcLanguageSpecificationIdentifier = xcode.lang.markdown; };
		874291BF2DC2ACD400571022 /* .prefire.yml */ = {isa = PBXFileReference; lastKnownFileType = text.yaml; path = .prefire.yml; sourceTree = "<group>"; xcLanguageSpecificationIdentifier = xcode.lang.yaml; };
/* End PBXFileReference section */

/* Begin PBXFileSystemSynchronizedBuildFileExceptionSet section */
		878311A32DC561160079CE05 /* Exceptions for "Tests" folder in "SmithereenTests" target */ = {
			isa = PBXFileSystemSynchronizedBuildFileExceptionSet;
			membershipExceptions = (
				SwiftTestingPreviewTests.stencil,
				XCTestPreviewTests.stencil,
			);
			target = 01E20AC92DB7926F00CC0EBE /* SmithereenTests */;
		};
/* End PBXFileSystemSynchronizedBuildFileExceptionSet section */

/* Begin PBXFileSystemSynchronizedRootGroup section */
		01E20ABC2DB7926D00CC0EBE /* Sources */ = {
			isa = PBXFileSystemSynchronizedRootGroup;
			path = Sources;
			sourceTree = "<group>";
		};
		01E20ACD2DB7926F00CC0EBE /* Tests */ = {
			isa = PBXFileSystemSynchronizedRootGroup;
			exceptions = (
				878311A32DC561160079CE05 /* Exceptions for "Tests" folder in "SmithereenTests" target */,
			);
			explicitFileTypes = {
				SwiftTestingPreviewTests.stencil = sourcecode.swift;
				XCTestPreviewTests.stencil = sourcecode.swift;
			};
			path = Tests;
			sourceTree = "<group>";
		};
/* End PBXFileSystemSynchronizedRootGroup section */

/* Begin PBXFrameworksBuildPhase section */
		01E20AB72DB7926D00CC0EBE /* Frameworks */ = {
			isa = PBXFrameworksBuildPhase;
			buildActionMask = 2147483647;
			files = (
				8792C5C62DCA9F1200C58B79 /* Prefire in Frameworks */,
				876659422DC8E76E00D62CCA /* SwiftUIIntrospect in Frameworks */,
				876659742DC920E200D62CCA /* SwiftSoup in Frameworks */,
			);
			runOnlyForDeploymentPostprocessing = 0;
		};
		01E20AC72DB7926F00CC0EBE /* Frameworks */ = {
			isa = PBXFrameworksBuildPhase;
			buildActionMask = 2147483647;
			files = (
				87B0C99B2DC41A4200D5DB87 /* Prefire in Frameworks */,
				874291B92DC29C7F00571022 /* SnapshotTesting in Frameworks */,
			);
			runOnlyForDeploymentPostprocessing = 0;
		};
/* End PBXFrameworksBuildPhase section */

/* Begin PBXGroup section */
		01E20AB12DB7926D00CC0EBE = {
			isa = PBXGroup;
			children = (
				870D40EC2DF8FFA80026AB8A /* Localizable.xcstrings */,
				874291BF2DC2ACD400571022 /* .prefire.yml */,
				872205E42DB9753F00B65CBA /* README.md */,
				01E20ABC2DB7926D00CC0EBE /* Sources */,
				01E20ACD2DB7926F00CC0EBE /* Tests */,
				01E20ABB2DB7926D00CC0EBE /* Products */,
				872205E22DB972D000B65CBA /* DefaultDeveloperSettings.xcconfig */,
				874291BC2DC2AB6900571022 /* Frameworks */,
			);
			sourceTree = "<group>";
		};
		01E20ABB2DB7926D00CC0EBE /* Products */ = {
			isa = PBXGroup;
			children = (
				01E20ABA2DB7926D00CC0EBE /* Smithereen.app */,
				01E20ACA2DB7926F00CC0EBE /* SmithereenTests.xctest */,
			);
			name = Products;
			sourceTree = "<group>";
		};
		874291BC2DC2AB6900571022 /* Frameworks */ = {
			isa = PBXGroup;
			children = (
			);
			name = Frameworks;
			sourceTree = "<group>";
		};
/* End PBXGroup section */

/* Begin PBXNativeTarget section */
		01E20AB92DB7926D00CC0EBE /* Smithereen */ = {
			isa = PBXNativeTarget;
			buildConfigurationList = 01E20ADE2DB7926F00CC0EBE /* Build configuration list for PBXNativeTarget "Smithereen" */;
			buildPhases = (
				01E20AB62DB7926D00CC0EBE /* Sources */,
				01E20AB72DB7926D00CC0EBE /* Frameworks */,
				01E20AB82DB7926D00CC0EBE /* Resources */,
			);
			buildRules = (
			);
			dependencies = (
			);
			fileSystemSynchronizedGroups = (
				01E20ABC2DB7926D00CC0EBE /* Sources */,
			);
			name = Smithereen;
			packageProductDependencies = (
				876659412DC8E76E00D62CCA /* SwiftUIIntrospect */,
				876659732DC920E200D62CCA /* SwiftSoup */,
				8792C5C52DCA9F1200C58B79 /* Prefire */,
			);
			productName = Smithereen;
			productReference = 01E20ABA2DB7926D00CC0EBE /* Smithereen.app */;
			productType = "com.apple.product-type.application";
		};
		01E20AC92DB7926F00CC0EBE /* SmithereenTests */ = {
			isa = PBXNativeTarget;
			buildConfigurationList = 01E20AE12DB7926F00CC0EBE /* Build configuration list for PBXNativeTarget "SmithereenTests" */;
			buildPhases = (
				01E20AC62DB7926F00CC0EBE /* Sources */,
				01E20AC72DB7926F00CC0EBE /* Frameworks */,
				01E20AC82DB7926F00CC0EBE /* Resources */,
			);
			buildRules = (
			);
			dependencies = (
				87B0C98A2DC40CE800D5DB87 /* PBXTargetDependency */,
				01E20ACC2DB7926F00CC0EBE /* PBXTargetDependency */,
			);
			fileSystemSynchronizedGroups = (
				01E20ACD2DB7926F00CC0EBE /* Tests */,
			);
			name = SmithereenTests;
			packageProductDependencies = (
				874291B82DC29C7F00571022 /* SnapshotTesting */,
				87B0C99A2DC41A4200D5DB87 /* Prefire */,
			);
			productName = SmithereenTests;
			productReference = 01E20ACA2DB7926F00CC0EBE /* SmithereenTests.xctest */;
			productType = "com.apple.product-type.bundle.unit-test";
		};
/* End PBXNativeTarget section */

/* Begin PBXProject section */
		01E20AB22DB7926D00CC0EBE /* Project object */ = {
			isa = PBXProject;
			attributes = {
				BuildIndependentTargetsInParallel = 1;
				LastSwiftUpdateCheck = 1630;
				LastUpgradeCheck = 1640;
				TargetAttributes = {
					01E20AB92DB7926D00CC0EBE = {
						CreatedOnToolsVersion = 16.3;
					};
					01E20AC92DB7926F00CC0EBE = {
						CreatedOnToolsVersion = 16.3;
						LastSwiftMigration = 1630;
						TestTargetID = 01E20AB92DB7926D00CC0EBE;
					};
				};
			};
			buildConfigurationList = 01E20AB52DB7926D00CC0EBE /* Build configuration list for PBXProject "Smithereen" */;
			developmentRegion = en;
			hasScannedForEncodings = 0;
			knownRegions = (
				en,
				Base,
				ru,
				uk,
			);
			mainGroup = 01E20AB12DB7926D00CC0EBE;
			minimizedProjectReferenceProxies = 1;
			packageReferences = (
				874291B72DC29C7F00571022 /* XCRemoteSwiftPackageReference "swift-snapshot-testing" */,
				87B0C9862DC40CC800D5DB87 /* XCRemoteSwiftPackageReference "Prefire" */,
				876659402DC8E76E00D62CCA /* XCRemoteSwiftPackageReference "swiftui-introspect" */,
				876659722DC920E200D62CCA /* XCRemoteSwiftPackageReference "SwiftSoup" */,
			);
			preferredProjectObjectVersion = 77;
			productRefGroup = 01E20ABB2DB7926D00CC0EBE /* Products */;
			projectDirPath = "";
			projectRoot = "";
			targets = (
				01E20AB92DB7926D00CC0EBE /* Smithereen */,
				01E20AC92DB7926F00CC0EBE /* SmithereenTests */,
			);
		};
/* End PBXProject section */

/* Begin PBXResourcesBuildPhase section */
		01E20AB82DB7926D00CC0EBE /* Resources */ = {
			isa = PBXResourcesBuildPhase;
			buildActionMask = 2147483647;
			files = (
				872205E32DB972D000B65CBA /* DefaultDeveloperSettings.xcconfig in Resources */,
				870D40ED2DF8FFA80026AB8A /* Localizable.xcstrings in Resources */,
				872205E52DB9754200B65CBA /* README.md in Resources */,
			);
			runOnlyForDeploymentPostprocessing = 0;
		};
		01E20AC82DB7926F00CC0EBE /* Resources */ = {
			isa = PBXResourcesBuildPhase;
			buildActionMask = 2147483647;
			files = (
			);
			runOnlyForDeploymentPostprocessing = 0;
		};
/* End PBXResourcesBuildPhase section */

/* Begin PBXSourcesBuildPhase section */
		01E20AB62DB7926D00CC0EBE /* Sources */ = {
			isa = PBXSourcesBuildPhase;
			buildActionMask = 2147483647;
			files = (
			);
			runOnlyForDeploymentPostprocessing = 0;
		};
		01E20AC62DB7926F00CC0EBE /* Sources */ = {
			isa = PBXSourcesBuildPhase;
			buildActionMask = 2147483647;
			files = (
			);
			runOnlyForDeploymentPostprocessing = 0;
		};
/* End PBXSourcesBuildPhase section */

/* Begin PBXTargetDependency section */
		01E20ACC2DB7926F00CC0EBE /* PBXTargetDependency */ = {
			isa = PBXTargetDependency;
			target = 01E20AB92DB7926D00CC0EBE /* Smithereen */;
			targetProxy = 01E20ACB2DB7926F00CC0EBE /* PBXContainerItemProxy */;
		};
		87B0C98A2DC40CE800D5DB87 /* PBXTargetDependency */ = {
			isa = PBXTargetDependency;
			productRef = 87B0C9892DC40CE800D5DB87 /* PrefireTestsPlugin */;
		};
/* End PBXTargetDependency section */

/* Begin XCBuildConfiguration section */
		01E20ADC2DB7926F00CC0EBE /* Debug */ = {
			isa = XCBuildConfiguration;
			baseConfigurationReference = 872205E22DB972D000B65CBA /* DefaultDeveloperSettings.xcconfig */;
			buildSettings = {
				ALWAYS_SEARCH_USER_PATHS = NO;
				ASSETCATALOG_COMPILER_GENERATE_SWIFT_ASSET_SYMBOL_EXTENSIONS = YES;
				CLANG_ANALYZER_LOCALIZABILITY_NONLOCALIZED = YES;
				CLANG_ANALYZER_NONNULL = YES;
				CLANG_ANALYZER_NUMBER_OBJECT_CONVERSION = YES_AGGRESSIVE;
				CLANG_CXX_LANGUAGE_STANDARD = "gnu++20";
				CLANG_ENABLE_MODULES = YES;
				CLANG_ENABLE_OBJC_ARC = YES;
				CLANG_ENABLE_OBJC_WEAK = YES;
				CLANG_WARN_BLOCK_CAPTURE_AUTORELEASING = YES;
				CLANG_WARN_BOOL_CONVERSION = YES;
				CLANG_WARN_COMMA = YES;
				CLANG_WARN_CONSTANT_CONVERSION = YES;
				CLANG_WARN_DEPRECATED_OBJC_IMPLEMENTATIONS = YES;
				CLANG_WARN_DIRECT_OBJC_ISA_USAGE = YES_ERROR;
				CLANG_WARN_DOCUMENTATION_COMMENTS = YES;
				CLANG_WARN_EMPTY_BODY = YES;
				CLANG_WARN_ENUM_CONVERSION = YES;
				CLANG_WARN_INFINITE_RECURSION = YES;
				CLANG_WARN_INT_CONVERSION = YES;
				CLANG_WARN_NON_LITERAL_NULL_CONVERSION = YES;
				CLANG_WARN_OBJC_IMPLICIT_RETAIN_SELF = YES;
				CLANG_WARN_OBJC_LITERAL_CONVERSION = YES;
				CLANG_WARN_OBJC_ROOT_CLASS = YES_ERROR;
				CLANG_WARN_QUOTED_INCLUDE_IN_FRAMEWORK_HEADER = YES;
				CLANG_WARN_RANGE_LOOP_ANALYSIS = YES;
				CLANG_WARN_STRICT_PROTOTYPES = YES;
				CLANG_WARN_SUSPICIOUS_MOVE = YES;
				CLANG_WARN_UNGUARDED_AVAILABILITY = YES_AGGRESSIVE;
				CLANG_WARN_UNREACHABLE_CODE = YES;
				CLANG_WARN__DUPLICATE_METHOD_MATCH = YES;
				COPY_PHASE_STRIP = NO;
				DEAD_CODE_STRIPPING = YES;
				DEBUG_INFORMATION_FORMAT = dwarf;
				DEVELOPMENT_TEAM = N4X84VA3BB;
				ENABLE_STRICT_OBJC_MSGSEND = YES;
				ENABLE_TESTABILITY = YES;
				ENABLE_USER_SCRIPT_SANDBOXING = YES;
				GCC_C_LANGUAGE_STANDARD = gnu17;
				GCC_DYNAMIC_NO_PIC = NO;
				GCC_NO_COMMON_BLOCKS = YES;
				GCC_OPTIMIZATION_LEVEL = 0;
				GCC_PREPROCESSOR_DEFINITIONS = (
					"DEBUG=1",
					"$(inherited)",
				);
				GCC_WARN_64_TO_32_BIT_CONVERSION = YES;
				GCC_WARN_ABOUT_RETURN_TYPE = YES_ERROR;
				GCC_WARN_UNDECLARED_SELECTOR = YES;
				GCC_WARN_UNINITIALIZED_AUTOS = YES_AGGRESSIVE;
				GCC_WARN_UNUSED_FUNCTION = YES;
				GCC_WARN_UNUSED_VARIABLE = YES;
				IPHONEOS_DEPLOYMENT_TARGET = 15.0;
				LOCALIZATION_PREFERS_STRING_CATALOGS = YES;
				MTL_ENABLE_DEBUG_INFO = INCLUDE_SOURCE;
				MTL_FAST_MATH = YES;
				ONLY_ACTIVE_ARCH = YES;
				PRODUCT_BUNDLE_IDENTIFIER = "$(ORGANIZATION_IDENTIFIER).$(PRODUCT_NAME)";
				SWIFT_ACTIVE_COMPILATION_CONDITIONS = "DEBUG $(inherited)";
				SWIFT_EMIT_LOC_STRINGS = YES;
				SWIFT_OPTIMIZATION_LEVEL = "-Onone";
				SWIFT_VERSION = 6.0;
				TARGETED_DEVICE_FAMILY = "1,2";
			};
			name = Debug;
		};
		01E20ADD2DB7926F00CC0EBE /* Release */ = {
			isa = XCBuildConfiguration;
			baseConfigurationReference = 872205E22DB972D000B65CBA /* DefaultDeveloperSettings.xcconfig */;
			buildSettings = {
				ALWAYS_SEARCH_USER_PATHS = NO;
				ASSETCATALOG_COMPILER_GENERATE_SWIFT_ASSET_SYMBOL_EXTENSIONS = YES;
				CLANG_ANALYZER_LOCALIZABILITY_NONLOCALIZED = YES;
				CLANG_ANALYZER_NONNULL = YES;
				CLANG_ANALYZER_NUMBER_OBJECT_CONVERSION = YES_AGGRESSIVE;
				CLANG_CXX_LANGUAGE_STANDARD = "gnu++20";
				CLANG_ENABLE_MODULES = YES;
				CLANG_ENABLE_OBJC_ARC = YES;
				CLANG_ENABLE_OBJC_WEAK = YES;
				CLANG_WARN_BLOCK_CAPTURE_AUTORELEASING = YES;
				CLANG_WARN_BOOL_CONVERSION = YES;
				CLANG_WARN_COMMA = YES;
				CLANG_WARN_CONSTANT_CONVERSION = YES;
				CLANG_WARN_DEPRECATED_OBJC_IMPLEMENTATIONS = YES;
				CLANG_WARN_DIRECT_OBJC_ISA_USAGE = YES_ERROR;
				CLANG_WARN_DOCUMENTATION_COMMENTS = YES;
				CLANG_WARN_EMPTY_BODY = YES;
				CLANG_WARN_ENUM_CONVERSION = YES;
				CLANG_WARN_INFINITE_RECURSION = YES;
				CLANG_WARN_INT_CONVERSION = YES;
				CLANG_WARN_NON_LITERAL_NULL_CONVERSION = YES;
				CLANG_WARN_OBJC_IMPLICIT_RETAIN_SELF = YES;
				CLANG_WARN_OBJC_LITERAL_CONVERSION = YES;
				CLANG_WARN_OBJC_ROOT_CLASS = YES_ERROR;
				CLANG_WARN_QUOTED_INCLUDE_IN_FRAMEWORK_HEADER = YES;
				CLANG_WARN_RANGE_LOOP_ANALYSIS = YES;
				CLANG_WARN_STRICT_PROTOTYPES = YES;
				CLANG_WARN_SUSPICIOUS_MOVE = YES;
				CLANG_WARN_UNGUARDED_AVAILABILITY = YES_AGGRESSIVE;
				CLANG_WARN_UNREACHABLE_CODE = YES;
				CLANG_WARN__DUPLICATE_METHOD_MATCH = YES;
				COPY_PHASE_STRIP = NO;
				DEAD_CODE_STRIPPING = YES;
				DEBUG_INFORMATION_FORMAT = "dwarf-with-dsym";
				DEVELOPMENT_TEAM = N4X84VA3BB;
				ENABLE_NS_ASSERTIONS = NO;
				ENABLE_STRICT_OBJC_MSGSEND = YES;
				ENABLE_USER_SCRIPT_SANDBOXING = YES;
				GCC_C_LANGUAGE_STANDARD = gnu17;
				GCC_NO_COMMON_BLOCKS = YES;
				GCC_WARN_64_TO_32_BIT_CONVERSION = YES;
				GCC_WARN_ABOUT_RETURN_TYPE = YES_ERROR;
				GCC_WARN_UNDECLARED_SELECTOR = YES;
				GCC_WARN_UNINITIALIZED_AUTOS = YES_AGGRESSIVE;
				GCC_WARN_UNUSED_FUNCTION = YES;
				GCC_WARN_UNUSED_VARIABLE = YES;
				IPHONEOS_DEPLOYMENT_TARGET = 15.0;
				LOCALIZATION_PREFERS_STRING_CATALOGS = YES;
				MTL_ENABLE_DEBUG_INFO = NO;
				MTL_FAST_MATH = YES;
				PRODUCT_BUNDLE_IDENTIFIER = "$(ORGANIZATION_IDENTIFIER).$(PRODUCT_NAME)";
				SWIFT_COMPILATION_MODE = wholemodule;
				SWIFT_EMIT_LOC_STRINGS = YES;
				SWIFT_VERSION = 6.0;
				TARGETED_DEVICE_FAMILY = "1,2";
			};
			name = Release;
		};
		01E20ADF2DB7926F00CC0EBE /* Debug */ = {
			isa = XCBuildConfiguration;
			buildSettings = {
				ASSETCATALOG_COMPILER_APPICON_NAME = AppIcon;
				CODE_SIGN_ENTITLEMENTS = Sources/Smithereen.entitlements;
				CODE_SIGN_STYLE = Automatic;
				CURRENT_PROJECT_VERSION = 1;
				DEAD_CODE_STRIPPING = YES;
				DEVELOPMENT_ASSET_PATHS = "\"Sources/Preview Content/Preview Assets.xcassets\"";
				ENABLE_HARDENED_RUNTIME = YES;
				ENABLE_PREVIEWS = YES;
				GENERATE_INFOPLIST_FILE = YES;
				INFOPLIST_KEY_LSApplicationCategoryType = "public.app-category.social-networking";
				"INFOPLIST_KEY_UIApplicationSceneManifest_Generation[sdk=iphoneos*]" = YES;
				"INFOPLIST_KEY_UIApplicationSceneManifest_Generation[sdk=iphonesimulator*]" = YES;
				"INFOPLIST_KEY_UIApplicationSupportsIndirectInputEvents[sdk=iphoneos*]" = YES;
				"INFOPLIST_KEY_UIApplicationSupportsIndirectInputEvents[sdk=iphonesimulator*]" = YES;
				"INFOPLIST_KEY_UILaunchScreen_Generation[sdk=iphoneos*]" = YES;
				"INFOPLIST_KEY_UILaunchScreen_Generation[sdk=iphonesimulator*]" = YES;
				"INFOPLIST_KEY_UIStatusBarStyle[sdk=iphoneos*]" = UIStatusBarStyleDefault;
				"INFOPLIST_KEY_UIStatusBarStyle[sdk=iphonesimulator*]" = UIStatusBarStyleDefault;
				INFOPLIST_KEY_UISupportedInterfaceOrientations = UIInterfaceOrientationPortrait;
				INFOPLIST_KEY_UISupportedInterfaceOrientations_iPad = "UIInterfaceOrientationLandscapeLeft UIInterfaceOrientationLandscapeRight UIInterfaceOrientationPortrait UIInterfaceOrientationPortraitUpsideDown";
				LD_RUNPATH_SEARCH_PATHS = "@executable_path/Frameworks";
				"LD_RUNPATH_SEARCH_PATHS[sdk=macosx*]" = "@executable_path/../Frameworks";
				MARKETING_VERSION = 1.0;
				PRODUCT_NAME = "$(TARGET_NAME)";
				REGISTER_APP_GROUPS = YES;
				SDKROOT = auto;
				SUPPORTED_PLATFORMS = "iphoneos iphonesimulator";
				SUPPORTS_MACCATALYST = NO;
				SWIFT_EMIT_LOC_STRINGS = YES;
			};
			name = Debug;
		};
		01E20AE02DB7926F00CC0EBE /* Release */ = {
			isa = XCBuildConfiguration;
			buildSettings = {
				ASSETCATALOG_COMPILER_APPICON_NAME = AppIcon;
				CODE_SIGN_ENTITLEMENTS = Sources/Smithereen.entitlements;
				CODE_SIGN_STYLE = Automatic;
				CURRENT_PROJECT_VERSION = 1;
				DEAD_CODE_STRIPPING = YES;
				DEVELOPMENT_ASSET_PATHS = "\"Sources/Preview Content/Preview Assets.xcassets\"";
				ENABLE_HARDENED_RUNTIME = YES;
				ENABLE_PREVIEWS = YES;
				GENERATE_INFOPLIST_FILE = YES;
				INFOPLIST_KEY_LSApplicationCategoryType = "public.app-category.social-networking";
				"INFOPLIST_KEY_UIApplicationSceneManifest_Generation[sdk=iphoneos*]" = YES;
				"INFOPLIST_KEY_UIApplicationSceneManifest_Generation[sdk=iphonesimulator*]" = YES;
				"INFOPLIST_KEY_UIApplicationSupportsIndirectInputEvents[sdk=iphoneos*]" = YES;
				"INFOPLIST_KEY_UIApplicationSupportsIndirectInputEvents[sdk=iphonesimulator*]" = YES;
				"INFOPLIST_KEY_UILaunchScreen_Generation[sdk=iphoneos*]" = YES;
				"INFOPLIST_KEY_UILaunchScreen_Generation[sdk=iphonesimulator*]" = YES;
				"INFOPLIST_KEY_UIStatusBarStyle[sdk=iphoneos*]" = UIStatusBarStyleDefault;
				"INFOPLIST_KEY_UIStatusBarStyle[sdk=iphonesimulator*]" = UIStatusBarStyleDefault;
				INFOPLIST_KEY_UISupportedInterfaceOrientations = UIInterfaceOrientationPortrait;
				INFOPLIST_KEY_UISupportedInterfaceOrientations_iPad = "UIInterfaceOrientationLandscapeLeft UIInterfaceOrientationLandscapeRight UIInterfaceOrientationPortrait UIInterfaceOrientationPortraitUpsideDown";
				LD_RUNPATH_SEARCH_PATHS = "@executable_path/Frameworks";
				"LD_RUNPATH_SEARCH_PATHS[sdk=macosx*]" = "@executable_path/../Frameworks";
				MARKETING_VERSION = 1.0;
				PRODUCT_NAME = "$(TARGET_NAME)";
				REGISTER_APP_GROUPS = YES;
				SDKROOT = auto;
				SUPPORTED_PLATFORMS = "iphoneos iphonesimulator";
				SUPPORTS_MACCATALYST = NO;
				SWIFT_EMIT_LOC_STRINGS = YES;
			};
			name = Release;
		};
		01E20AE22DB7926F00CC0EBE /* Debug */ = {
			isa = XCBuildConfiguration;
			buildSettings = {
				BUNDLE_LOADER = "$(TEST_HOST)";
				CLANG_ENABLE_MODULES = YES;
				CODE_SIGN_STYLE = Automatic;
				CURRENT_PROJECT_VERSION = 1;
				DEAD_CODE_STRIPPING = YES;
				GENERATE_INFOPLIST_FILE = YES;
				LD_MAP_FILE_PATH = "$(TARGET_TEMP_DIR)/§-LinkMap-$(CURRENT_VARIANT)-$(CURRENT_ARCH).txt";
				MARKETING_VERSION = 1.0;
				PRODUCT_NAME = "$(TARGET_NAME)";
				SDKROOT = auto;
				SUPPORTED_PLATFORMS = "iphoneos iphonesimulator macosx xros xrsimulator";
				SWIFT_EMIT_LOC_STRINGS = NO;
				SWIFT_OPTIMIZATION_LEVEL = "-Onone";
				SWIFT_VERSION = 5.0;
				TEST_HOST = "$(BUILT_PRODUCTS_DIR)/Smithereen.app/$(BUNDLE_EXECUTABLE_FOLDER_PATH)/Smithereen";
			};
			name = Debug;
		};
		01E20AE32DB7926F00CC0EBE /* Release */ = {
			isa = XCBuildConfiguration;
			buildSettings = {
				BUNDLE_LOADER = "$(TEST_HOST)";
				CLANG_ENABLE_MODULES = YES;
				CODE_SIGN_STYLE = Automatic;
				CURRENT_PROJECT_VERSION = 1;
				DEAD_CODE_STRIPPING = YES;
				GENERATE_INFOPLIST_FILE = YES;
				MARKETING_VERSION = 1.0;
				PRODUCT_NAME = "$(TARGET_NAME)";
				SDKROOT = auto;
				SUPPORTED_PLATFORMS = "iphoneos iphonesimulator macosx xros xrsimulator";
				SWIFT_EMIT_LOC_STRINGS = NO;
				SWIFT_VERSION = 5.0;
				TEST_HOST = "$(BUILT_PRODUCTS_DIR)/Smithereen.app/$(BUNDLE_EXECUTABLE_FOLDER_PATH)/Smithereen";
			};
			name = Release;
		};
/* End XCBuildConfiguration section */

/* Begin XCConfigurationList section */
		01E20AB52DB7926D00CC0EBE /* Build configuration list for PBXProject "Smithereen" */ = {
			isa = XCConfigurationList;
			buildConfigurations = (
				01E20ADC2DB7926F00CC0EBE /* Debug */,
				01E20ADD2DB7926F00CC0EBE /* Release */,
			);
			defaultConfigurationIsVisible = 0;
			defaultConfigurationName = Release;
		};
		01E20ADE2DB7926F00CC0EBE /* Build configuration list for PBXNativeTarget "Smithereen" */ = {
			isa = XCConfigurationList;
			buildConfigurations = (
				01E20ADF2DB7926F00CC0EBE /* Debug */,
				01E20AE02DB7926F00CC0EBE /* Release */,
			);
			defaultConfigurationIsVisible = 0;
			defaultConfigurationName = Release;
		};
		01E20AE12DB7926F00CC0EBE /* Build configuration list for PBXNativeTarget "SmithereenTests" */ = {
			isa = XCConfigurationList;
			buildConfigurations = (
				01E20AE22DB7926F00CC0EBE /* Debug */,
				01E20AE32DB7926F00CC0EBE /* Release */,
			);
			defaultConfigurationIsVisible = 0;
			defaultConfigurationName = Release;
		};
/* End XCConfigurationList section */

/* Begin XCRemoteSwiftPackageReference section */
		874291B72DC29C7F00571022 /* XCRemoteSwiftPackageReference "swift-snapshot-testing" */ = {
			isa = XCRemoteSwiftPackageReference;
			repositoryURL = "https://github.com/pointfreeco/swift-snapshot-testing";
			requirement = {
				kind = upToNextMajorVersion;
				minimumVersion = 1.18.3;
			};
		};
		876659402DC8E76E00D62CCA /* XCRemoteSwiftPackageReference "swiftui-introspect" */ = {
			isa = XCRemoteSwiftPackageReference;
			repositoryURL = "https://github.com/siteline/swiftui-introspect";
			requirement = {
				kind = upToNextMajorVersion;
				minimumVersion = 1.3.0;
			};
		};
		876659722DC920E200D62CCA /* XCRemoteSwiftPackageReference "SwiftSoup" */ = {
			isa = XCRemoteSwiftPackageReference;
			repositoryURL = "https://github.com/scinfu/SwiftSoup.git";
			requirement = {
				kind = upToNextMajorVersion;
				minimumVersion = 2.8.7;
			};
		};
		87B0C9862DC40CC800D5DB87 /* XCRemoteSwiftPackageReference "Prefire" */ = {
			isa = XCRemoteSwiftPackageReference;
			repositoryURL = "https://github.com/broadwaylamb/Prefire.git";
			requirement = {
				branch = "swift-testing";
				kind = branch;
			};
		};
/* End XCRemoteSwiftPackageReference section */

/* Begin XCSwiftPackageProductDependency section */
		874291B82DC29C7F00571022 /* SnapshotTesting */ = {
			isa = XCSwiftPackageProductDependency;
			package = 874291B72DC29C7F00571022 /* XCRemoteSwiftPackageReference "swift-snapshot-testing" */;
			productName = SnapshotTesting;
		};
		876659412DC8E76E00D62CCA /* SwiftUIIntrospect */ = {
			isa = XCSwiftPackageProductDependency;
			package = 876659402DC8E76E00D62CCA /* XCRemoteSwiftPackageReference "swiftui-introspect" */;
			productName = SwiftUIIntrospect;
		};
		876659732DC920E200D62CCA /* SwiftSoup */ = {
			isa = XCSwiftPackageProductDependency;
			package = 876659722DC920E200D62CCA /* XCRemoteSwiftPackageReference "SwiftSoup" */;
			productName = SwiftSoup;
		};
		8792C5C52DCA9F1200C58B79 /* Prefire */ = {
			isa = XCSwiftPackageProductDependency;
			package = 87B0C9862DC40CC800D5DB87 /* XCRemoteSwiftPackageReference "Prefire" */;
			productName = Prefire;
		};
		87B0C9892DC40CE800D5DB87 /* PrefireTestsPlugin */ = {
			isa = XCSwiftPackageProductDependency;
			package = 87B0C9862DC40CC800D5DB87 /* XCRemoteSwiftPackageReference "Prefire" */;
			productName = "plugin:PrefireTestsPlugin";
		};
		87B0C99A2DC41A4200D5DB87 /* Prefire */ = {
			isa = XCSwiftPackageProductDependency;
			package = 87B0C9862DC40CC800D5DB87 /* XCRemoteSwiftPackageReference "Prefire" */;
			productName = Prefire;
		};
/* End XCSwiftPackageProductDependency section */
	};
	rootObject = 01E20AB22DB7926D00CC0EBE /* Project object */;
}
